
Microsoft Visual Studio Solution File, Format Version 12.00
# Visual Studio Version 16
VisualStudioVersion = 16.0.30517.126
MinimumVisualStudioVersion = 10.0.40219.1
Project("{FAE04EC0-301F-11D3-BF4B-00C04F79EFBC}") = "ServiceRest_20180140119_ArifBudimanArrosyid", "ServiceRest_20180140119_ArifBudimanArrosyid\ServiceRest_20180140119_ArifBudimanArrosyid.csproj", "{0A768603-FE21-437B-AF3B-379B04C8AECD}"
EndProject
Global
	GlobalSection(SolutionConfigurationPlatforms) = preSolution
		Debug|Any CPU = Debug|Any CPU
		Release|Any CPU = Release|Any CPU
	EndGlobalSection
	GlobalSection(ProjectConfigurationPlatforms) = postSolution
		{0A768603-FE21-437B-AF3B-379B04C8AECD}.Debug|Any CPU.ActiveCfg = Debug|Any CPU
		{0A768603-FE21-437B-AF3B-379B04C8AECD}.Debug|Any CPU.Build.0 = Debug|Any CPU
		{0A768603-FE21-437B-AF3B-379B04C8AECD}.Release|Any CPU.ActiveCfg = Release|Any CPU
		{0A768603-FE21-437B-AF3B-379B04C8AECD}.Release|Any CPU.Build.0 = Release|Any CPU
	EndGlobalSection
	GlobalSection(SolutionProperties) = preSolution
		HideSolutionNode = FALSE
	EndGlobalSection
	GlobalSection(ExtensibilityGlobals) = postSolution
		SolutionGuid = {EBEE3824-03E8-4B56-82D2-0BA90918B942}
	EndGlobalSection
EndGlobal
